
Microsoft Visual Studio Solution File, Format Version 12.00
# Visual Studio Version 16
VisualStudioVersion = 16.0.32106.194
MinimumVisualStudioVersion = 10.0.40219.1
Project("{FAE04EC0-301F-11D3-BF4B-00C04F79EFBC}") = "DevFreela.Payments.API", "DevFreela.Payments.API.csproj", "{35AEEB24-9FD9-4674-8C85-0A15E7C720F8}"
EndProject
Global
	GlobalSection(SolutionConfigurationPlatforms) = preSolution
		Debug|Any CPU = Debug|Any CPU
		Release|Any CPU = Release|Any CPU
	EndGlobalSection
	GlobalSection(ProjectConfigurationPlatforms) = postSolution
		{35AEEB24-9FD9-4674-8C85-0A15E7C720F8}.Debug|Any CPU.ActiveCfg = Debug|Any CPU
		{35AEEB24-9FD9-4674-8C85-0A15E7C720F8}.Debug|Any CPU.Build.0 = Debug|Any CPU
		{35AEEB24-9FD9-4674-8C85-0A15E7C720F8}.Release|Any CPU.ActiveCfg = Release|Any CPU
		{35AEEB24-9FD9-4674-8C85-0A15E7C720F8}.Release|Any CPU.Build.0 = Release|Any CPU
	EndGlobalSection
	GlobalSection(SolutionProperties) = preSolution
		HideSolutionNode = FALSE
	EndGlobalSection
	GlobalSection(ExtensibilityGlobals) = postSolution
		SolutionGuid = {AC7E2B96-39A9-4CAF-A452-C6CA6147DA95}
	EndGlobalSection
EndGlobal
